
Microsoft Visual Studio Solution File, Format Version 12.00
# Visual Studio Version 17
VisualStudioVersion = 17.5.33414.496
MinimumVisualStudioVersion = 10.0.40219.1
Project("{9A19103F-16F7-4668-BE54-9A1E7A4F7556}") = "AGDATAAssessment", "AGDATAAssessment\AGDATAAssessment.csproj", "{FB51806D-1999-4ABD-A20E-FC743DC2E691}"
EndProject
Global
	GlobalSection(SolutionConfigurationPlatforms) = preSolution
		Debug|Any CPU = Debug|Any CPU
		Release|Any CPU = Release|Any CPU
	EndGlobalSection
	GlobalSection(ProjectConfigurationPlatforms) = postSolution
		{FB51806D-1999-4ABD-A20E-FC743DC2E691}.Debug|Any CPU.ActiveCfg = Debug|Any CPU
		{FB51806D-1999-4ABD-A20E-FC743DC2E691}.Debug|Any CPU.Build.0 = Debug|Any CPU
		{FB51806D-1999-4ABD-A20E-FC743DC2E691}.Release|Any CPU.ActiveCfg = Release|Any CPU
		{FB51806D-1999-4ABD-A20E-FC743DC2E691}.Release|Any CPU.Build.0 = Release|Any CPU
	EndGlobalSection
	GlobalSection(SolutionProperties) = preSolution
		HideSolutionNode = FALSE
	EndGlobalSection
	GlobalSection(ExtensibilityGlobals) = postSolution
		SolutionGuid = {DC267D27-0757-48CF-9910-D2D787A8110C}
	EndGlobalSection
EndGlobal
